
Microsoft Visual Studio Solution File, Format Version 12.00
Project("{FAE04EC0-301F-11D3-BF4B-00C04F79EFBC}") = "VeterinaryServices.Domain", "VeterinaryServices.Domain\VeterinaryServices.Domain.csproj", "{7EF98040-4B4F-4B4A-ACB9-67C2199A8959}"
EndProject
Project("{2150E333-8FDC-42A3-9474-1A3956D46DE8}") = "Modules", "Modules", "{623FC74A-D2C7-4345-B9C7-F4657FC98FA1}"
EndProject
Project("{2150E333-8FDC-42A3-9474-1A3956D46DE8}") = "VeterinaryServices", "VeterinaryServices", "{3C580EC9-BE83-4E92-86CC-6CB6BFFF53AC}"
EndProject
Project("{FAE04EC0-301F-11D3-BF4B-00C04F79EFBC}") = "VeterinaryServices.Infrastructure", "VeterinaryServices.Infrastructure\VeterinaryServices.Infrastructure.csproj", "{AEBEFA34-9D50-4333-B900-7B0B175E7080}"
EndProject
Project("{FAE04EC0-301F-11D3-BF4B-00C04F79EFBC}") = "VeterinaryServices.Application", "VeterinaryServices.Application\VeterinaryServices.Application.csproj", "{D38ED99D-6A92-43E2-B7E6-408E45978D1F}"
EndProject
Project("{2150E333-8FDC-42A3-9474-1A3956D46DE8}") = "API", "API", "{9A5FCB48-A2D1-4F05-A8D7-8BEA8346015C}"
EndProject
Project("{FAE04EC0-301F-11D3-BF4B-00C04F79EFBC}") = "WebApi", "WebApi\WebApi.csproj", "{5612B1DA-A944-4CF8-B5E7-625E83A93A9A}"
EndProject
Global
	GlobalSection(SolutionConfigurationPlatforms) = preSolution
		Debug|Any CPU = Debug|Any CPU
		Release|Any CPU = Release|Any CPU
	EndGlobalSection
	GlobalSection(ProjectConfigurationPlatforms) = postSolution
		{7EF98040-4B4F-4B4A-ACB9-67C2199A8959}.Debug|Any CPU.ActiveCfg = Debug|Any CPU
		{7EF98040-4B4F-4B4A-ACB9-67C2199A8959}.Debug|Any CPU.Build.0 = Debug|Any CPU
		{7EF98040-4B4F-4B4A-ACB9-67C2199A8959}.Release|Any CPU.ActiveCfg = Release|Any CPU
		{7EF98040-4B4F-4B4A-ACB9-67C2199A8959}.Release|Any CPU.Build.0 = Release|Any CPU
		{AEBEFA34-9D50-4333-B900-7B0B175E7080}.Debug|Any CPU.ActiveCfg = Debug|Any CPU
		{AEBEFA34-9D50-4333-B900-7B0B175E7080}.Debug|Any CPU.Build.0 = Debug|Any CPU
		{AEBEFA34-9D50-4333-B900-7B0B175E7080}.Release|Any CPU.ActiveCfg = Release|Any CPU
		{AEBEFA34-9D50-4333-B900-7B0B175E7080}.Release|Any CPU.Build.0 = Release|Any CPU
		{D38ED99D-6A92-43E2-B7E6-408E45978D1F}.Debug|Any CPU.ActiveCfg = Debug|Any CPU
		{D38ED99D-6A92-43E2-B7E6-408E45978D1F}.Debug|Any CPU.Build.0 = Debug|Any CPU
		{D38ED99D-6A92-43E2-B7E6-408E45978D1F}.Release|Any CPU.ActiveCfg = Release|Any CPU
		{D38ED99D-6A92-43E2-B7E6-408E45978D1F}.Release|Any CPU.Build.0 = Release|Any CPU
		{5612B1DA-A944-4CF8-B5E7-625E83A93A9A}.Debug|Any CPU.ActiveCfg = Debug|Any CPU
		{5612B1DA-A944-4CF8-B5E7-625E83A93A9A}.Debug|Any CPU.Build.0 = Debug|Any CPU
		{5612B1DA-A944-4CF8-B5E7-625E83A93A9A}.Release|Any CPU.ActiveCfg = Release|Any CPU
		{5612B1DA-A944-4CF8-B5E7-625E83A93A9A}.Release|Any CPU.Build.0 = Release|Any CPU
	EndGlobalSection
	GlobalSection(NestedProjects) = preSolution
		{3C580EC9-BE83-4E92-86CC-6CB6BFFF53AC} = {623FC74A-D2C7-4345-B9C7-F4657FC98FA1}
		{7EF98040-4B4F-4B4A-ACB9-67C2199A8959} = {3C580EC9-BE83-4E92-86CC-6CB6BFFF53AC}
		{AEBEFA34-9D50-4333-B900-7B0B175E7080} = {3C580EC9-BE83-4E92-86CC-6CB6BFFF53AC}
		{D38ED99D-6A92-43E2-B7E6-408E45978D1F} = {3C580EC9-BE83-4E92-86CC-6CB6BFFF53AC}
		{5612B1DA-A944-4CF8-B5E7-625E83A93A9A} = {9A5FCB48-A2D1-4F05-A8D7-8BEA8346015C}
	EndGlobalSection
EndGlobal
